Microsoft Visual Studio Solution File, Format Version 12.00
# Visual Studio 2012
Project("{8C80AE92-B942-4A10-A1BA-1F299BDA8256}") = "MyGame", "MyGame.csproj", "{66E18099-B3FA-40AE-9350-19B46A05ED3C}"
EndProject
Global
	GlobalSection(SolutionConfigurationPlatforms) = preSolution
	Debug|Any CPU = Debug|Any CPU
	ExportDebug|Any CPU = ExportDebug|Any CPU
	ExportRelease|Any CPU = ExportRelease|Any CPU
	EndGlobalSection
	GlobalSection(ProjectConfigurationPlatforms) = postSolution
		{66E18099-B3FA-40AE-9350-19B46A05ED3C}.Debug|Any CPU.ActiveCfg = Debug|Any CPU
		{66E18099-B3FA-40AE-9350-19B46A05ED3C}.Debug|Any CPU.Build.0 = Debug|Any CPU
		{66E18099-B3FA-40AE-9350-19B46A05ED3C}.ExportDebug|Any CPU.ActiveCfg = ExportDebug|Any CPU
		{66E18099-B3FA-40AE-9350-19B46A05ED3C}.ExportDebug|Any CPU.Build.0 = ExportDebug|Any CPU
		{66E18099-B3FA-40AE-9350-19B46A05ED3C}.ExportRelease|Any CPU.ActiveCfg = ExportRelease|Any CPU
		{66E18099-B3FA-40AE-9350-19B46A05ED3C}.ExportRelease|Any CPU.Build.0 = ExportRelease|Any CPU
	EndGlobalSection
EndGlobal
